
Microsoft Visual Studio Solution File, Format Version 12.00
# Visual Studio Version 17
VisualStudioVersion = 17.11.35327.3
MinimumVisualStudioVersion = 10.0.40219.1
Project("{FAE04EC0-301F-11D3-BF4B-00C04F79EFBC}") = "Calculator", "Calculator\Calculator.csproj", "{FECB9558-68AD-4443-B5E1-FC3A41DDD1B1}"
EndProject
Global
	GlobalSection(SolutionConfigurationPlatforms) = preSolution
		Debug|Any CPU = Debug|Any CPU
		Release|Any CPU = Release|Any CPU
	EndGlobalSection
	GlobalSection(ProjectConfigurationPlatforms) = postSolution
		{FECB9558-68AD-4443-B5E1-FC3A41DDD1B1}.Debug|Any CPU.ActiveCfg = Debug|Any CPU
		{FECB9558-68AD-4443-B5E1-FC3A41DDD1B1}.Debug|Any CPU.Build.0 = Debug|Any CPU
		{FECB9558-68AD-4443-B5E1-FC3A41DDD1B1}.Release|Any CPU.ActiveCfg = Release|Any CPU
		{FECB9558-68AD-4443-B5E1-FC3A41DDD1B1}.Release|Any CPU.Build.0 = Release|Any CPU
	EndGlobalSection
	GlobalSection(SolutionProperties) = preSolution
		HideSolutionNode = FALSE
	EndGlobalSection
	GlobalSection(ExtensibilityGlobals) = postSolution
		SolutionGuid = {123A130B-95D4-4DFD-B746-C6EB8FC692B1}
	EndGlobalSection
EndGlobal
